// !$*UTF8*$!
{
	archiveVersion = 1;
	classes = {
	};
	objectVersion = 56;
	objects = {

/* Begin PBXBuildFile section */
		CA3369202C913AFE003752F1 /* ClosetMateApp.swift in Sources */ = {isa = PBXBuildFile; fileRef = CA33691F2C913AFE003752F1 /* ClosetMateApp.swift */; };
		CA3369272C913AFE003752F1 /* ContentView.swift in Sources */ = {isa = PBXBuildFile; fileRef = CA3369262C913AFE003752F1 /* ContentView.swift */; };
		CA3369292C913AFF003752F1 /* Assets.xcassets in Resources */ = {isa = PBXBuildFile; fileRef = CA3369282C913AFF003752F1 /* Assets.xcassets */; };
		CA3369502C913E00003752F1 /* SplashScreenView.swift in Sources */ = {isa = PBXBuildFile; fileRef = CA33694F2C913E00003752F1 /* SplashScreenView.swift */; };
		CA3369542C92C471003752F1 /* MyWardrobeView.swift in Sources */ = {isa = PBXBuildFile; fileRef = CA3369532C92C471003752F1 /* MyWardrobeView.swift */; };
		CA3369562C92C4C8003752F1 /* PlannerView.swift in Sources */ = {isa = PBXBuildFile; fileRef = CA3369552C92C4C8003752F1 /* PlannerView.swift */; };
		CA3369582C92C4FB003752F1 /* PortfolioView.swift in Sources */ = {isa = PBXBuildFile; fileRef = CA3369572C92C4FB003752F1 /* PortfolioView.swift */; };
		CA3369962C9C7B3E003752F1 /* SheetViewCell.swift in Sources */ = {isa = PBXBuildFile; fileRef = CA3369952C9C7B3E003752F1 /* SheetViewCell.swift */; };
		CA33699A2C9C7BCC003752F1 /* AddItemButton.swift in Sources */ = {isa = PBXBuildFile; fileRef = CA3369992C9C7BCC003752F1 /* AddItemButton.swift */; };
		CA3369A22CA0A152003752F1 /* ScanBox.swift in Sources */ = {isa = PBXBuildFile; fileRef = CA3369A12CA0A152003752F1 /* ScanBox.swift */; };
		CA3369A62CA0A66A003752F1 /* MyWardrobeViewModel.swift in Sources */ = {isa = PBXBuildFile; fileRef = CA3369A52CA0A66A003752F1 /* MyWardrobeViewModel.swift */; };
		CA49B05B2CA17FC40079378A /* ItemDetails.swift in Sources */ = {isa = PBXBuildFile; fileRef = CA49B05A2CA17FC40079378A /* ItemDetails.swift */; };
		CA49B0632CA423BA0079378A /* AddItemBottomButtons.swift in Sources */ = {isa = PBXBuildFile; fileRef = CA49B0622CA423BA0079378A /* AddItemBottomButtons.swift */; };
		CA49B0652CA4C2F10079378A /* ImageCarousel.swift in Sources */ = {isa = PBXBuildFile; fileRef = CA49B0642CA4C2F10079378A /* ImageCarousel.swift */; };
		CA49B06A2CA5CC7E0079378A /* UIImageOrientationExtension.swift in Sources */ = {isa = PBXBuildFile; fileRef = CA49B0692CA5CC7E0079378A /* UIImageOrientationExtension.swift */; };
		CA49B06C2CA5CCD80079378A /* RemoveBackgroundExtension.swift in Sources */ = {isa = PBXBuildFile; fileRef = CA49B06B2CA5CCD80079378A /* RemoveBackgroundExtension.swift */; };
		CA49B06E2CA5CFF30079378A /* AccessCameraView.swift in Sources */ = {isa = PBXBuildFile; fileRef = CA49B06D2CA5CFF30079378A /* AccessCameraView.swift */; };
		CA49B0702CA5D1FC0079378A /* Tips.swift in Sources */ = {isa = PBXBuildFile; fileRef = CA49B06F2CA5D1FC0079378A /* Tips.swift */; };
		CA97A8782CB215CA00A36B70 /* InfiniteClothingCarousel.swift in Sources */ = {isa = PBXBuildFile; fileRef = CA97A8772CB215CA00A36B70 /* InfiniteClothingCarousel.swift */; };
		CA97A87A2CB2161400A36B70 /* CategorySelectionView.swift in Sources */ = {isa = PBXBuildFile; fileRef = CA97A8792CB2161400A36B70 /* CategorySelectionView.swift */; };
		CA97A87E2CB21AE800A36B70 /* PlannerViewModel.swift in Sources */ = {isa = PBXBuildFile; fileRef = CA97A87D2CB21AE800A36B70 /* PlannerViewModel.swift */; };
		CAA7DCDC2CBD5BD800A17EAB /* ImageTesting.swift in Sources */ = {isa = PBXBuildFile; fileRef = CAA7DCDB2CBD5BD800A17EAB /* ImageTesting.swift */; };
		CAA7DCDE2CBD698100A17EAB /* GeneralTests.swift in Sources */ = {isa = PBXBuildFile; fileRef = CAA7DCDD2CBD698100A17EAB /* GeneralTests.swift */; };
		CAA7DCE22CBD6E3900A17EAB /* ClothingTests.swift in Sources */ = {isa = PBXBuildFile; fileRef = CAA7DCE12CBD6E3900A17EAB /* ClothingTests.swift */; };
		CAA7DCE52CBE94CE00A17EAB /* UtilityFunctionTests.swift in Sources */ = {isa = PBXBuildFile; fileRef = CAA7DCE42CBE94CE00A17EAB /* UtilityFunctionTests.swift */; };
		CAA7DCE72CBE993B00A17EAB /* PortfolioViewModel.swift in Sources */ = {isa = PBXBuildFile; fileRef = CAA7DCE62CBE993B00A17EAB /* PortfolioViewModel.swift */; };
		CAA7DCEA2CBE9E0F00A17EAB /* UtilityFuncTests.swift in Sources */ = {isa = PBXBuildFile; fileRef = CAA7DCE92CBE9E0F00A17EAB /* UtilityFuncTests.swift */; };
		CAACAB942CAD9FD500C258B4 /* BackupView.swift in Sources */ = {isa = PBXBuildFile; fileRef = CAACAB932CAD9FD500C258B4 /* BackupView.swift */; };
		CAACAB962CADA09E00C258B4 /* PortfolioValue.swift in Sources */ = {isa = PBXBuildFile; fileRef = CAACAB952CADA09E00C258B4 /* PortfolioValue.swift */; };
		CAACAB992CADA0F500C258B4 /* TopColorsCard.swift in Sources */ = {isa = PBXBuildFile; fileRef = CAACAB982CADA0F500C258B4 /* TopColorsCard.swift */; };
		CAACAB9B2CADA19D00C258B4 /* TopCategoriesGrid.swift in Sources */ = {isa = PBXBuildFile; fileRef = CAACAB9A2CADA19D00C258B4 /* TopCategoriesGrid.swift */; };
		CAD05E382CA6D2C6004AABE8 /* DetailsInput.swift in Sources */ = {isa = PBXBuildFile; fileRef = CAD05E372CA6D2C6004AABE8 /* DetailsInput.swift */; };
		CAD05E3B2CA6D324004AABE8 /* ClothingItem.swift in Sources */ = {isa = PBXBuildFile; fileRef = CAD05E3A2CA6D324004AABE8 /* ClothingItem.swift */; };
		CAD05E412CA74389004AABE8 /* ItemCategoryPicker.swift in Sources */ = {isa = PBXBuildFile; fileRef = CAD05E402CA74389004AABE8 /* ItemCategoryPicker.swift */; };
		CAD05E432CA743EB004AABE8 /* ItemColorPicker.swift in Sources */ = {isa = PBXBuildFile; fileRef = CAD05E422CA743EB004AABE8 /* ItemColorPicker.swift */; };
		CAD05E452CA74442004AABE8 /* ItemNameField.swift in Sources */ = {isa = PBXBuildFile; fileRef = CAD05E442CA74442004AABE8 /* ItemNameField.swift */; };
		CAD05E472CA74477004AABE8 /* ItemCategoryPickerField.swift in Sources */ = {isa = PBXBuildFile; fileRef = CAD05E462CA74477004AABE8 /* ItemCategoryPickerField.swift */; };
		CAD05E492CA74491004AABE8 /* ItemColorPickerField.swift in Sources */ = {isa = PBXBuildFile; fileRef = CAD05E482CA74491004AABE8 /* ItemColorPickerField.swift */; };
		CAD05E4B2CA744A3004AABE8 /* ItemPriceInput.swift in Sources */ = {isa = PBXBuildFile; fileRef = CAD05E4A2CA744A3004AABE8 /* ItemPriceInput.swift */; };
		CAD05E4D2CA744B7004AABE8 /* AddClothingItemButton.swift in Sources */ = {isa = PBXBuildFile; fileRef = CAD05E4C2CA744B7004AABE8 /* AddClothingItemButton.swift */; };
		CAD05E4F2CA74552004AABE8 /* ColorExtension.swift in Sources */ = {isa = PBXBuildFile; fileRef = CAD05E4E2CA74552004AABE8 /* ColorExtension.swift */; };
		CAD05E522CA767F7004AABE8 /* WardrobeImage.swift in Sources */ = {isa = PBXBuildFile; fileRef = CAD05E512CA767F7004AABE8 /* WardrobeImage.swift */; };
		CAD05E542CA8B3A5004AABE8 /* UpdateItem.swift in Sources */ = {isa = PBXBuildFile; fileRef = CAD05E532CA8B3A5004AABE8 /* UpdateItem.swift */; };
/* End PBXBuildFile section */

/* Begin PBXContainerItemProxy section */
		CA1763F42CBD5AA800320ED9 /* PBXContainerItemProxy */ = {
			isa = PBXContainerItemProxy;
			containerPortal = CA3369142C913AFE003752F1 /* Project object */;
			proxyType = 1;
			remoteGlobalIDString = CA33691B2C913AFE003752F1;
			remoteInfo = ClosetMate;
		};
/* End PBXContainerItemProxy section */

/* Begin PBXFileReference section */
		CA1763F02CBD5AA800320ED9 /* ClosetMateTesting.xctest */ = {isa = PBXFileReference; explicitFileType = wrapper.cfbundle; includeInIndex = 0; path = ClosetMateTesting.xctest; sourceTree = BUILT_PRODUCTS_DIR; };
		CA33691C2C913AFE003752F1 /* ClosetMate.app */ = {isa = PBXFileReference; explicitFileType = wrapper.application; includeInIndex = 0; path = ClosetMate.app; sourceTree = BUILT_PRODUCTS_DIR; };
		CA33691F2C913AFE003752F1 /* ClosetMateApp.swift */ = {isa = PBXFileReference; lastKnownFileType = sourcecode.swift; path = ClosetMateApp.swift; sourceTree = "<group>"; };
		CA3369262C913AFE003752F1 /* ContentView.swift */ = {isa = PBXFileReference; lastKnownFileType = sourcecode.swift; path = ContentView.swift; sourceTree = "<group>"; };
		CA3369282C913AFF003752F1 /* Assets.xcassets */ = {isa = PBXFileReference; lastKnownFileType = folder.assetcatalog; path = Assets.xcassets; sourceTree = "<group>"; };
		CA33692A2C913AFF003752F1 /* ClosetMate.entitlements */ = {isa = PBXFileReference; lastKnownFileType = text.plist.entitlements; path = ClosetMate.entitlements; sourceTree = "<group>"; };
		CA33694F2C913E00003752F1 /* SplashScreenView.swift */ = {isa = PBXFileReference; lastKnownFileType = sourcecode.swift; path = SplashScreenView.swift; sourceTree = "<group>"; };
		CA3369532C92C471003752F1 /* MyWardrobeView.swift */ = {isa = PBXFileReference; lastKnownFileType = sourcecode.swift; path = MyWardrobeView.swift; sourceTree = "<group>"; };
		CA3369552C92C4C8003752F1 /* PlannerView.swift */ = {isa = PBXFileReference; lastKnownFileType = sourcecode.swift; path = PlannerView.swift; sourceTree = "<group>"; };
		CA3369572C92C4FB003752F1 /* PortfolioView.swift */ = {isa = PBXFileReference; lastKnownFileType = sourcecode.swift; path = PortfolioView.swift; sourceTree = "<group>"; };
		CA3369952C9C7B3E003752F1 /* SheetViewCell.swift */ = {isa = PBXFileReference; lastKnownFileType = sourcecode.swift; path = SheetViewCell.swift; sourceTree = "<group>"; };
		CA3369992C9C7BCC003752F1 /* AddItemButton.swift */ = {isa = PBXFileReference; lastKnownFileType = sourcecode.swift; path = AddItemButton.swift; sourceTree = "<group>"; };
		CA3369A12CA0A152003752F1 /* ScanBox.swift */ = {isa = PBXFileReference; lastKnownFileType = sourcecode.swift; path = ScanBox.swift; sourceTree = "<group>"; };
		CA3369A52CA0A66A003752F1 /* MyWardrobeViewModel.swift */ = {isa = PBXFileReference; lastKnownFileType = sourcecode.swift; path = MyWardrobeViewModel.swift; sourceTree = "<group>"; };
		CA49B05A2CA17FC40079378A /* ItemDetails.swift */ = {isa = PBXFileReference; lastKnownFileType = sourcecode.swift; path = ItemDetails.swift; sourceTree = "<group>"; };
		CA49B0622CA423BA0079378A /* AddItemBottomButtons.swift */ = {isa = PBXFileReference; lastKnownFileType = sourcecode.swift; path = AddItemBottomButtons.swift; sourceTree = "<group>"; };
		CA49B0642CA4C2F10079378A /* ImageCarousel.swift */ = {isa = PBXFileReference; lastKnownFileType = sourcecode.swift; path = ImageCarousel.swift; sourceTree = "<group>"; };
		CA49B0692CA5CC7E0079378A /* UIImageOrientationExtension.swift */ = {isa = PBXFileReference; lastKnownFileType = sourcecode.swift; path = UIImageOrientationExtension.swift; sourceTree = "<group>"; };
		CA49B06B2CA5CCD80079378A /* RemoveBackgroundExtension.swift */ = {isa = PBXFileReference; lastKnownFileType = sourcecode.swift; path = RemoveBackgroundExtension.swift; sourceTree = "<group>"; };
		CA49B06D2CA5CFF30079378A /* AccessCameraView.swift */ = {isa = PBXFileReference; lastKnownFileType = sourcecode.swift; path = AccessCameraView.swift; sourceTree = "<group>"; };
		CA49B06F2CA5D1FC0079378A /* Tips.swift */ = {isa = PBXFileReference; lastKnownFileType = sourcecode.swift; path = Tips.swift; sourceTree = "<group>"; };
		CA97A8772CB215CA00A36B70 /* InfiniteClothingCarousel.swift */ = {isa = PBXFileReference; lastKnownFileType = sourcecode.swift; path = InfiniteClothingCarousel.swift; sourceTree = "<group>"; };
		CA97A8792CB2161400A36B70 /* CategorySelectionView.swift */ = {isa = PBXFileReference; lastKnownFileType = sourcecode.swift; path = CategorySelectionView.swift; sourceTree = "<group>"; };
		CA97A87D2CB21AE800A36B70 /* PlannerViewModel.swift */ = {isa = PBXFileReference; lastKnownFileType = sourcecode.swift; path = PlannerViewModel.swift; sourceTree = "<group>"; };
		CAA7DCDB2CBD5BD800A17EAB /* ImageTesting.swift */ = {isa = PBXFileReference; lastKnownFileType = sourcecode.swift; path = ImageTesting.swift; sourceTree = "<group>"; };
		CAA7DCDD2CBD698100A17EAB /* GeneralTests.swift */ = {isa = PBXFileReference; lastKnownFileType = sourcecode.swift; path = GeneralTests.swift; sourceTree = "<group>"; };
		CAA7DCE12CBD6E3900A17EAB /* ClothingTests.swift */ = {isa = PBXFileReference; lastKnownFileType = sourcecode.swift; path = ClothingTests.swift; sourceTree = "<group>"; };
		CAA7DCE42CBE94CE00A17EAB /* UtilityFunctionTests.swift */ = {isa = PBXFileReference; lastKnownFileType = sourcecode.swift; path = UtilityFunctionTests.swift; sourceTree = "<group>"; };
		CAA7DCE62CBE993B00A17EAB /* PortfolioViewModel.swift */ = {isa = PBXFileReference; lastKnownFileType = sourcecode.swift; path = PortfolioViewModel.swift; sourceTree = "<group>"; };
		CAA7DCE92CBE9E0F00A17EAB /* UtilityFuncTests.swift */ = {isa = PBXFileReference; lastKnownFileType = sourcecode.swift; path = UtilityFuncTests.swift; sourceTree = "<group>"; };
		CAACAB932CAD9FD500C258B4 /* BackupView.swift */ = {isa = PBXFileReference; lastKnownFileType = sourcecode.swift; path = BackupView.swift; sourceTree = "<group>"; };
		CAACAB952CADA09E00C258B4 /* PortfolioValue.swift */ = {isa = PBXFileReference; lastKnownFileType = sourcecode.swift; path = PortfolioValue.swift; sourceTree = "<group>"; };
		CAACAB982CADA0F500C258B4 /* TopColorsCard.swift */ = {isa = PBXFileReference; lastKnownFileType = sourcecode.swift; path = TopColorsCard.swift; sourceTree = "<group>"; };
		CAACAB9A2CADA19D00C258B4 /* TopCategoriesGrid.swift */ = {isa = PBXFileReference; lastKnownFileType = sourcecode.swift; path = TopCategoriesGrid.swift; sourceTree = "<group>"; };
		CAD05E372CA6D2C6004AABE8 /* DetailsInput.swift */ = {isa = PBXFileReference; lastKnownFileType = sourcecode.swift; path = DetailsInput.swift; sourceTree = "<group>"; };
		CAD05E3A2CA6D324004AABE8 /* ClothingItem.swift */ = {isa = PBXFileReference; lastKnownFileType = sourcecode.swift; path = ClothingItem.swift; sourceTree = "<group>"; };
		CAD05E402CA74389004AABE8 /* ItemCategoryPicker.swift */ = {isa = PBXFileReference; lastKnownFileType = sourcecode.swift; path = ItemCategoryPicker.swift; sourceTree = "<group>"; };
		CAD05E422CA743EB004AABE8 /* ItemColorPicker.swift */ = {isa = PBXFileReference; lastKnownFileType = sourcecode.swift; path = ItemColorPicker.swift; sourceTree = "<group>"; };
		CAD05E442CA74442004AABE8 /* ItemNameField.swift */ = {isa = PBXFileReference; lastKnownFileType = sourcecode.swift; path = ItemNameField.swift; sourceTree = "<group>"; };
		CAD05E462CA74477004AABE8 /* ItemCategoryPickerField.swift */ = {isa = PBXFileReference; lastKnownFileType = sourcecode.swift; path = ItemCategoryPickerField.swift; sourceTree = "<group>"; };
		CAD05E482CA74491004AABE8 /* ItemColorPickerField.swift */ = {isa = PBXFileReference; lastKnownFileType = sourcecode.swift; path = ItemColorPickerField.swift; sourceTree = "<group>"; };
		CAD05E4A2CA744A3004AABE8 /* ItemPriceInput.swift */ = {isa = PBXFileReference; lastKnownFileType = sourcecode.swift; path = ItemPriceInput.swift; sourceTree = "<group>"; };
		CAD05E4C2CA744B7004AABE8 /* AddClothingItemButton.swift */ = {isa = PBXFileReference; lastKnownFileType = sourcecode.swift; path = AddClothingItemButton.swift; sourceTree = "<group>"; };
		CAD05E4E2CA74552004AABE8 /* ColorExtension.swift */ = {isa = PBXFileReference; lastKnownFileType = sourcecode.swift; path = ColorExtension.swift; sourceTree = "<group>"; };
		CAD05E512CA767F7004AABE8 /* WardrobeImage.swift */ = {isa = PBXFileReference; lastKnownFileType = sourcecode.swift; path = WardrobeImage.swift; sourceTree = "<group>"; };
		CAD05E532CA8B3A5004AABE8 /* UpdateItem.swift */ = {isa = PBXFileReference; lastKnownFileType = sourcecode.swift; path = UpdateItem.swift; sourceTree = "<group>"; };
/* End PBXFileReference section */

/* Begin PBXFrameworksBuildPhase section */
		CA1763ED2CBD5AA800320ED9 /* Frameworks */ = {
			isa = PBXFrameworksBuildPhase;
			buildActionMask = 2147483647;
			files = (
			);
			runOnlyForDeploymentPostprocessing = 0;
		};
		CA3369192C913AFE003752F1 /* Frameworks */ = {
			isa = PBXFrameworksBuildPhase;
			buildActionMask = 2147483647;
			files = (
			);
			runOnlyForDeploymentPostprocessing = 0;
		};
/* End PBXFrameworksBuildPhase section */

/* Begin PBXGroup section */
		CA1763F12CBD5AA800320ED9 /* ClosetMateTesting */ = {
			isa = PBXGroup;
			children = (
				CAA7DCE82CBE9DFE00A17EAB /* PortfolioViewModelTests */,
				CAA7DCE32CBE94A800A17EAB /* PlannerViewModelTests */,
				CAA7DCDA2CBD5B6C00A17EAB /* MyWardrobeViewModelTests */,
			);
			path = ClosetMateTesting;
			sourceTree = "<group>";
		};
		CA3369132C913AFE003752F1 = {
			isa = PBXGroup;
			children = (
				CA33691E2C913AFE003752F1 /* ClosetMate */,
				CA1763F12CBD5AA800320ED9 /* ClosetMateTesting */,
				CA33691D2C913AFE003752F1 /* Products */,
			);
			sourceTree = "<group>";
		};
		CA33691D2C913AFE003752F1 /* Products */ = {
			isa = PBXGroup;
			children = (
				CA33691C2C913AFE003752F1 /* ClosetMate.app */,
				CA1763F02CBD5AA800320ED9 /* ClosetMateTesting.xctest */,
			);
			name = Products;
			sourceTree = "<group>";
		};
		CA33691E2C913AFE003752F1 /* ClosetMate */ = {
			isa = PBXGroup;
			children = (
				CA3369512C92C2DE003752F1 /* Views */,
				CAD05E392CA6D304004AABE8 /* Models */,
				CA97A87B2CB218A300A36B70 /* Utilities */,
				CA3369262C913AFE003752F1 /* ContentView.swift */,
				CA33691F2C913AFE003752F1 /* ClosetMateApp.swift */,
				CA3369282C913AFF003752F1 /* Assets.xcassets */,
				CA33692A2C913AFF003752F1 /* ClosetMate.entitlements */,
				CA49B0592CA0ACF20079378A /* Preview Content */,
			);
			path = ClosetMate;
			sourceTree = "<group>";
		};
		CA3369512C92C2DE003752F1 /* Views */ = {
			isa = PBXGroup;
			children = (
				CA33694F2C913E00003752F1 /* SplashScreenView.swift */,
				CA33695C2C99DB7D003752F1 /* Portfolio */,
				CA33695B2C99DB6F003752F1 /* Planner */,
				CA33695A2C99DB50003752F1 /* MyWardrobe */,
			);
			path = Views;
			sourceTree = "<group>";
		};
		CA33695A2C99DB50003752F1 /* MyWardrobe */ = {
			isa = PBXGroup;
			children = (
				CA3369942C9C7B31003752F1 /* Components */,
				CA3369532C92C471003752F1 /* MyWardrobeView.swift */,
				CA3369A52CA0A66A003752F1 /* MyWardrobeViewModel.swift */,
			);
			path = MyWardrobe;
			sourceTree = "<group>";
		};
		CA33695B2C99DB6F003752F1 /* Planner */ = {
			isa = PBXGroup;
			children = (
				CA97A8762CB215A200A36B70 /* Components */,
				CA3369552C92C4C8003752F1 /* PlannerView.swift */,
				CA97A87D2CB21AE800A36B70 /* PlannerViewModel.swift */,
			);
			path = Planner;
			sourceTree = "<group>";
		};
		CA33695C2C99DB7D003752F1 /* Portfolio */ = {
			isa = PBXGroup;
			children = (
				CAACAB922CAD9FCA00C258B4 /* Components */,
				CA3369572C92C4FB003752F1 /* PortfolioView.swift */,
				CAA7DCE62CBE993B00A17EAB /* PortfolioViewModel.swift */,
			);
			path = Portfolio;
			sourceTree = "<group>";
		};
		CA3369942C9C7B31003752F1 /* Components */ = {
			isa = PBXGroup;
			children = (
				CA49B0612CA320160079378A /* SheetViews */,
				CAD05E502CA767E3004AABE8 /* Wardrobe */,
				CAD05E3F2CA7435B004AABE8 /* ItemDetails */,
				CAD05E3E2CA7434B004AABE8 /* SheetView */,
			);
			path = Components;
			sourceTree = "<group>";
		};
		CA49B0592CA0ACF20079378A /* Preview Content */ = {
			isa = PBXGroup;
			children = (
			);
			path = "Preview Content";
			sourceTree = "<group>";
		};
		CA49B0612CA320160079378A /* SheetViews */ = {
			isa = PBXGroup;
			children = (
				CA3369952C9C7B3E003752F1 /* SheetViewCell.swift */,
				CA49B05A2CA17FC40079378A /* ItemDetails.swift */,
			);
			path = SheetViews;
			sourceTree = "<group>";
		};
		CA49B0682CA5CC6B0079378A /* Extensions */ = {
			isa = PBXGroup;
			children = (
				CA49B0692CA5CC7E0079378A /* UIImageOrientationExtension.swift */,
				CA49B06B2CA5CCD80079378A /* RemoveBackgroundExtension.swift */,
				CAD05E4E2CA74552004AABE8 /* ColorExtension.swift */,
			);
			path = Extensions;
			sourceTree = "<group>";
		};
		CA97A8762CB215A200A36B70 /* Components */ = {
			isa = PBXGroup;
			children = (
				CA97A8772CB215CA00A36B70 /* InfiniteClothingCarousel.swift */,
				CA97A8792CB2161400A36B70 /* CategorySelectionView.swift */,
			);
			path = Components;
			sourceTree = "<group>";
		};
		CA97A87B2CB218A300A36B70 /* Utilities */ = {
			isa = PBXGroup;
			children = (
				CA97A87C2CB2198500A36B70 /* UIKitExtensions */,
				CA49B0682CA5CC6B0079378A /* Extensions */,
				CA49B06F2CA5D1FC0079378A /* Tips.swift */,
			);
			path = Utilities;
			sourceTree = "<group>";
		};
		CA97A87C2CB2198500A36B70 /* UIKitExtensions */ = {
			isa = PBXGroup;
			children = (
				CA49B06D2CA5CFF30079378A /* AccessCameraView.swift */,
			);
			path = UIKitExtensions;
			sourceTree = "<group>";
		};
		CAA7DCDA2CBD5B6C00A17EAB /* MyWardrobeViewModelTests */ = {
			isa = PBXGroup;
			children = (
				CAA7DCDB2CBD5BD800A17EAB /* ImageTesting.swift */,
				CAA7DCDD2CBD698100A17EAB /* GeneralTests.swift */,
				CAA7DCE12CBD6E3900A17EAB /* ClothingTests.swift */,
			);
			path = MyWardrobeViewModelTests;
			sourceTree = "<group>";
		};
		CAA7DCE32CBE94A800A17EAB /* PlannerViewModelTests */ = {
			isa = PBXGroup;
			children = (
				CAA7DCE42CBE94CE00A17EAB /* UtilityFunctionTests.swift */,
			);
			path = PlannerViewModelTests;
			sourceTree = "<group>";
		};
		CAA7DCE82CBE9DFE00A17EAB /* PortfolioViewModelTests */ = {
			isa = PBXGroup;
			children = (
				CAA7DCE92CBE9E0F00A17EAB /* UtilityFuncTests.swift */,
			);
			path = PortfolioViewModelTests;
			sourceTree = "<group>";
		};
		CAACAB922CAD9FCA00C258B4 /* Components */ = {
			isa = PBXGroup;
			children = (
				CAACAB932CAD9FD500C258B4 /* BackupView.swift */,
				CAACAB952CADA09E00C258B4 /* PortfolioValue.swift */,
				CAACAB982CADA0F500C258B4 /* TopColorsCard.swift */,
				CAACAB9A2CADA19D00C258B4 /* TopCategoriesGrid.swift */,
			);
			path = Components;
			sourceTree = "<group>";
		};
		CAD05E392CA6D304004AABE8 /* Models */ = {
			isa = PBXGroup;
			children = (
				CAD05E3A2CA6D324004AABE8 /* ClothingItem.swift */,
			);
			path = Models;
			sourceTree = "<group>";
		};
		CAD05E3E2CA7434B004AABE8 /* SheetView */ = {
			isa = PBXGroup;
			children = (
				CA3369992C9C7BCC003752F1 /* AddItemButton.swift */,
				CA3369A12CA0A152003752F1 /* ScanBox.swift */,
				CA49B0622CA423BA0079378A /* AddItemBottomButtons.swift */,
			);
			path = SheetView;
			sourceTree = "<group>";
		};
		CAD05E3F2CA7435B004AABE8 /* ItemDetails */ = {
			isa = PBXGroup;
			children = (
				CAD05E372CA6D2C6004AABE8 /* DetailsInput.swift */,
				CAD05E442CA74442004AABE8 /* ItemNameField.swift */,
				CAD05E402CA74389004AABE8 /* ItemCategoryPicker.swift */,
				CAD05E422CA743EB004AABE8 /* ItemColorPicker.swift */,
				CAD05E462CA74477004AABE8 /* ItemCategoryPickerField.swift */,
				CAD05E482CA74491004AABE8 /* ItemColorPickerField.swift */,
				CAD05E4A2CA744A3004AABE8 /* ItemPriceInput.swift */,
				CAD05E4C2CA744B7004AABE8 /* AddClothingItemButton.swift */,
				CA49B0642CA4C2F10079378A /* ImageCarousel.swift */,
			);
			path = ItemDetails;
			sourceTree = "<group>";
		};
		CAD05E502CA767E3004AABE8 /* Wardrobe */ = {
			isa = PBXGroup;
			children = (
				CAD05E512CA767F7004AABE8 /* WardrobeImage.swift */,
				CAD05E532CA8B3A5004AABE8 /* UpdateItem.swift */,
			);
			path = Wardrobe;
			sourceTree = "<group>";
		};
/* End PBXGroup section */

/* Begin PBXNativeTarget section */
		CA1763EF2CBD5AA800320ED9 /* ClosetMateTesting */ = {
			isa = PBXNativeTarget;
			buildConfigurationList = CA1763F82CBD5AA800320ED9 /* Build configuration list for PBXNativeTarget "ClosetMateTesting" */;
			buildPhases = (
				CA1763EC2CBD5AA800320ED9 /* Sources */,
				CA1763ED2CBD5AA800320ED9 /* Frameworks */,
				CA1763EE2CBD5AA800320ED9 /* Resources */,
			);
			buildRules = (
			);
			dependencies = (
				CA1763F52CBD5AA800320ED9 /* PBXTargetDependency */,
			);
			name = ClosetMateTesting;
			productName = ClosetMateTesting;
			productReference = CA1763F02CBD5AA800320ED9 /* ClosetMateTesting.xctest */;
			productType = "com.apple.product-type.bundle.unit-test";
		};
		CA33691B2C913AFE003752F1 /* ClosetMate */ = {
			isa = PBXNativeTarget;
			buildConfigurationList = CA3369462C913AFF003752F1 /* Build configuration list for PBXNativeTarget "ClosetMate" */;
			buildPhases = (
				CA3369182C913AFE003752F1 /* Sources */,
				CA3369192C913AFE003752F1 /* Frameworks */,
				CA33691A2C913AFE003752F1 /* Resources */,
			);
			buildRules = (
			);
			dependencies = (
			);
			name = ClosetMate;
			packageProductDependencies = (
			);
			productName = ClosetMate;
			productReference = CA33691C2C913AFE003752F1 /* ClosetMate.app */;
			productType = "com.apple.product-type.application";
		};
/* End PBXNativeTarget section */

/* Begin PBXProject section */
		CA3369142C913AFE003752F1 /* Project object */ = {
			isa = PBXProject;
			attributes = {
				BuildIndependentTargetsInParallel = 1;
				LastSwiftUpdateCheck = 1520;
				LastUpgradeCheck = 1520;
				TargetAttributes = {
					CA1763EF2CBD5AA800320ED9 = {
						CreatedOnToolsVersion = 15.2;
						TestTargetID = CA33691B2C913AFE003752F1;
					};
					CA33691B2C913AFE003752F1 = {
						CreatedOnToolsVersion = 15.2;
					};
				};
			};
			buildConfigurationList = CA3369172C913AFE003752F1 /* Build configuration list for PBXProject "ClosetMate" */;
			compatibilityVersion = "Xcode 14.0";
			developmentRegion = en;
			hasScannedForEncodings = 0;
			knownRegions = (
				en,
				Base,
			);
			mainGroup = CA3369132C913AFE003752F1;
			packageReferences = (
			);
			productRefGroup = CA33691D2C913AFE003752F1 /* Products */;
			projectDirPath = "";
			projectRoot = "";
			targets = (
				CA33691B2C913AFE003752F1 /* ClosetMate */,
				CA1763EF2CBD5AA800320ED9 /* ClosetMateTesting */,
			);
		};
/* End PBXProject section */

/* Begin PBXResourcesBuildPhase section */
		CA1763EE2CBD5AA800320ED9 /* Resources */ = {
			isa = PBXResourcesBuildPhase;
			buildActionMask = 2147483647;
			files = (
			);
			runOnlyForDeploymentPostprocessing = 0;
		};
		CA33691A2C913AFE003752F1 /* Resources */ = {
			isa = PBXResourcesBuildPhase;
			buildActionMask = 2147483647;
			files = (
				CA3369292C913AFF003752F1 /* Assets.xcassets in Resources */,
			);
			runOnlyForDeploymentPostprocessing = 0;
		};
/* End PBXResourcesBuildPhase section */

/* Begin PBXSourcesBuildPhase section */
		CA1763EC2CBD5AA800320ED9 /* Sources */ = {
			isa = PBXSourcesBuildPhase;
			buildActionMask = 2147483647;
			files = (
				CAA7DCDE2CBD698100A17EAB /* GeneralTests.swift in Sources */,
				CAA7DCE22CBD6E3900A17EAB /* ClothingTests.swift in Sources */,
				CAA7DCE52CBE94CE00A17EAB /* UtilityFunctionTests.swift in Sources */,
				CAA7DCDC2CBD5BD800A17EAB /* ImageTesting.swift in Sources */,
				CAA7DCEA2CBE9E0F00A17EAB /* UtilityFuncTests.swift in Sources */,
			);
			runOnlyForDeploymentPostprocessing = 0;
		};
		CA3369182C913AFE003752F1 /* Sources */ = {
			isa = PBXSourcesBuildPhase;
			buildActionMask = 2147483647;
			files = (
				CA3369A62CA0A66A003752F1 /* MyWardrobeViewModel.swift in Sources */,
				CA49B0702CA5D1FC0079378A /* Tips.swift in Sources */,
				CA97A8782CB215CA00A36B70 /* InfiniteClothingCarousel.swift in Sources */,
				CAD05E412CA74389004AABE8 /* ItemCategoryPicker.swift in Sources */,
				CA3369202C913AFE003752F1 /* ClosetMateApp.swift in Sources */,
				CA49B05B2CA17FC40079378A /* ItemDetails.swift in Sources */,
				CAD05E382CA6D2C6004AABE8 /* DetailsInput.swift in Sources */,
				CA3369272C913AFE003752F1 /* ContentView.swift in Sources */,
				CAD05E472CA74477004AABE8 /* ItemCategoryPickerField.swift in Sources */,
				CAD05E3B2CA6D324004AABE8 /* ClothingItem.swift in Sources */,
				CAD05E4B2CA744A3004AABE8 /* ItemPriceInput.swift in Sources */,
				CAACAB962CADA09E00C258B4 /* PortfolioValue.swift in Sources */,
				CA3369962C9C7B3E003752F1 /* SheetViewCell.swift in Sources */,
				CA49B0632CA423BA0079378A /* AddItemBottomButtons.swift in Sources */,
				CA3369A22CA0A152003752F1 /* ScanBox.swift in Sources */,
				CA3369542C92C471003752F1 /* MyWardrobeView.swift in Sources */,
				CAACAB942CAD9FD500C258B4 /* BackupView.swift in Sources */,
				CAD05E492CA74491004AABE8 /* ItemColorPickerField.swift in Sources */,
				CA49B06E2CA5CFF30079378A /* AccessCameraView.swift in Sources */,
				CA33699A2C9C7BCC003752F1 /* AddItemButton.swift in Sources */,
				CA49B06A2CA5CC7E0079378A /* UIImageOrientationExtension.swift in Sources */,
				CA3369502C913E00003752F1 /* SplashScreenView.swift in Sources */,
				CAD05E4F2CA74552004AABE8 /* ColorExtension.swift in Sources */,
				CAD05E522CA767F7004AABE8 /* WardrobeImage.swift in Sources */,
				CAACAB9B2CADA19D00C258B4 /* TopCategoriesGrid.swift in Sources */,
				CAACAB992CADA0F500C258B4 /* TopColorsCard.swift in Sources */,
				CAD05E542CA8B3A5004AABE8 /* UpdateItem.swift in Sources */,
				CAD05E452CA74442004AABE8 /* ItemNameField.swift in Sources */,
				CA49B0652CA4C2F10079378A /* ImageCarousel.swift in Sources */,
				CA3369582C92C4FB003752F1 /* PortfolioView.swift in Sources */,
				CA97A87E2CB21AE800A36B70 /* PlannerViewModel.swift in Sources */,
				CA49B06C2CA5CCD80079378A /* RemoveBackgroundExtension.swift in Sources */,
				CA97A87A2CB2161400A36B70 /* CategorySelectionView.swift in Sources */,
				CAA7DCE72CBE993B00A17EAB /* PortfolioViewModel.swift in Sources */,
				CAD05E4D2CA744B7004AABE8 /* AddClothingItemButton.swift in Sources */,
				CA3369562C92C4C8003752F1 /* PlannerView.swift in Sources */,
				CAD05E432CA743EB004AABE8 /* ItemColorPicker.swift in Sources */,
			);
			runOnlyForDeploymentPostprocessing = 0;
		};
/* End PBXSourcesBuildPhase section */

/* Begin PBXTargetDependency section */
		CA1763F52CBD5AA800320ED9 /* PBXTargetDependency */ = {
			isa = PBXTargetDependency;
			target = CA33691B2C913AFE003752F1 /* ClosetMate */;
			targetProxy = CA1763F42CBD5AA800320ED9 /* PBXContainerItemProxy */;
		};
/* End PBXTargetDependency section */

/* Begin XCBuildConfiguration section */
		CA1763F62CBD5AA800320ED9 /* Debug */ = {
			isa = XCBuildConfiguration;
			buildSettings = {
				BUNDLE_LOADER = "$(TEST_HOST)";
				CODE_SIGN_STYLE = Automatic;
				CURRENT_PROJECT_VERSION = 1;
				DEVELOPMENT_TEAM = DB62R67D27;
				GENERATE_INFOPLIST_FILE = YES;
				IPHONEOS_DEPLOYMENT_TARGET = 17.0;
				MARKETING_VERSION = 1.0;
				PRODUCT_BUNDLE_IDENTIFIER = com.basgallop.ClosetMateTesting;
				PRODUCT_NAME = "$(TARGET_NAME)";
				SDKROOT = iphoneos;
				SWIFT_EMIT_LOC_STRINGS = NO;
				SWIFT_VERSION = 5.0;
				TARGETED_DEVICE_FAMILY = "1,2";
				TEST_HOST = "$(BUILT_PRODUCTS_DIR)/ClosetMate.app/$(BUNDLE_EXECUTABLE_FOLDER_PATH)/ClosetMate";
			};
			name = Debug;
		};
		CA1763F72CBD5AA800320ED9 /* Release */ = {
			isa = XCBuildConfiguration;
			buildSettings = {
				BUNDLE_LOADER = "$(TEST_HOST)";
				CODE_SIGN_STYLE = Automatic;
				CURRENT_PROJECT_VERSION = 1;
				DEVELOPMENT_TEAM = DB62R67D27;
				GENERATE_INFOPLIST_FILE = YES;
				IPHONEOS_DEPLOYMENT_TARGET = 17.0;
				MARKETING_VERSION = 1.0;
				PRODUCT_BUNDLE_IDENTIFIER = com.basgallop.ClosetMateTesting;
				PRODUCT_NAME = "$(TARGET_NAME)";
				SDKROOT = iphoneos;
				SWIFT_EMIT_LOC_STRINGS = NO;
				SWIFT_VERSION = 5.0;
				TARGETED_DEVICE_FAMILY = "1,2";
				TEST_HOST = "$(BUILT_PRODUCTS_DIR)/ClosetMate.app/$(BUNDLE_EXECUTABLE_FOLDER_PATH)/ClosetMate";
				VALIDATE_PRODUCT = YES;
			};
			name = Release;
		};
		CA3369442C913AFF003752F1 /* Debug */ = {
			isa = XCBuildConfiguration;
			buildSettings = {
				ALWAYS_SEARCH_USER_PATHS = NO;
				ASSETCATALOG_COMPILER_GENERATE_SWIFT_ASSET_SYMBOL_EXTENSIONS = YES;
				CLANG_ANALYZER_NONNULL = YES;
				CLANG_ANALYZER_NUMBER_OBJECT_CONVERSION = YES_AGGRESSIVE;
				CLANG_CXX_LANGUAGE_STANDARD = "gnu++20";
				CLANG_ENABLE_MODULES = YES;
				CLANG_ENABLE_OBJC_ARC = YES;
				CLANG_ENABLE_OBJC_WEAK = YES;
				CLANG_WARN_BLOCK_CAPTURE_AUTORELEASING = YES;
				CLANG_WARN_BOOL_CONVERSION = YES;
				CLANG_WARN_COMMA = YES;
				CLANG_WARN_CONSTANT_CONVERSION = YES;
				CLANG_WARN_DEPRECATED_OBJC_IMPLEMENTATIONS = YES;
				CLANG_WARN_DIRECT_OBJC_ISA_USAGE = YES_ERROR;
				CLANG_WARN_DOCUMENTATION_COMMENTS = YES;
				CLANG_WARN_EMPTY_BODY = YES;
				CLANG_WARN_ENUM_CONVERSION = YES;
				CLANG_WARN_INFINITE_RECURSION = YES;
				CLANG_WARN_INT_CONVERSION = YES;
				CLANG_WARN_NON_LITERAL_NULL_CONVERSION = YES;
				CLANG_WARN_OBJC_IMPLICIT_RETAIN_SELF = YES;
				CLANG_WARN_OBJC_LITERAL_CONVERSION = YES;
				CLANG_WARN_OBJC_ROOT_CLASS = YES_ERROR;
				CLANG_WARN_QUOTED_INCLUDE_IN_FRAMEWORK_HEADER = YES;
				CLANG_WARN_RANGE_LOOP_ANALYSIS = YES;
				CLANG_WARN_STRICT_PROTOTYPES = YES;
				CLANG_WARN_SUSPICIOUS_MOVE = YES;
				CLANG_WARN_UNGUARDED_AVAILABILITY = YES_AGGRESSIVE;
				CLANG_WARN_UNREACHABLE_CODE = YES;
				CLANG_WARN__DUPLICATE_METHOD_MATCH = YES;
				COPY_PHASE_STRIP = NO;
				DEBUG_INFORMATION_FORMAT = dwarf;
				ENABLE_STRICT_OBJC_MSGSEND = YES;
				ENABLE_TESTABILITY = YES;
				ENABLE_USER_SCRIPT_SANDBOXING = YES;
				GCC_C_LANGUAGE_STANDARD = gnu17;
				GCC_DYNAMIC_NO_PIC = NO;
				GCC_NO_COMMON_BLOCKS = YES;
				GCC_OPTIMIZATION_LEVEL = 0;
				GCC_PREPROCESSOR_DEFINITIONS = (
					"DEBUG=1",
					"$(inherited)",
				);
				GCC_WARN_64_TO_32_BIT_CONVERSION = YES;
				GCC_WARN_ABOUT_RETURN_TYPE = YES_ERROR;
				GCC_WARN_UNDECLARED_SELECTOR = YES;
				GCC_WARN_UNINITIALIZED_AUTOS = YES_AGGRESSIVE;
				GCC_WARN_UNUSED_FUNCTION = YES;
				GCC_WARN_UNUSED_VARIABLE = YES;
				LOCALIZATION_PREFERS_STRING_CATALOGS = YES;
				MTL_ENABLE_DEBUG_INFO = INCLUDE_SOURCE;
				MTL_FAST_MATH = YES;
				ONLY_ACTIVE_ARCH = YES;
				SWIFT_ACTIVE_COMPILATION_CONDITIONS = "DEBUG $(inherited)";
				SWIFT_OPTIMIZATION_LEVEL = "-Onone";
			};
			name = Debug;
		};
		CA3369452C913AFF003752F1 /* Release */ = {
			isa = XCBuildConfiguration;
			buildSettings = {
				ALWAYS_SEARCH_USER_PATHS = NO;
				ASSETCATALOG_COMPILER_GENERATE_SWIFT_ASSET_SYMBOL_EXTENSIONS = YES;
				CLANG_ANALYZER_NONNULL = YES;
				CLANG_ANALYZER_NUMBER_OBJECT_CONVERSION = YES_AGGRESSIVE;
				CLANG_CXX_LANGUAGE_STANDARD = "gnu++20";
				CLANG_ENABLE_MODULES = YES;
				CLANG_ENABLE_OBJC_ARC = YES;
				CLANG_ENABLE_OBJC_WEAK = YES;
				CLANG_WARN_BLOCK_CAPTURE_AUTORELEASING = YES;
				CLANG_WARN_BOOL_CONVERSION = YES;
				CLANG_WARN_COMMA = YES;
				CLANG_WARN_CONSTANT_CONVERSION = YES;
				CLANG_WARN_DEPRECATED_OBJC_IMPLEMENTATIONS = YES;
				CLANG_WARN_DIRECT_OBJC_ISA_USAGE = YES_ERROR;
				CLANG_WARN_DOCUMENTATION_COMMENTS = YES;
				CLANG_WARN_EMPTY_BODY = YES;
				CLANG_WARN_ENUM_CONVERSION = YES;
				CLANG_WARN_INFINITE_RECURSION = YES;
				CLANG_WARN_INT_CONVERSION = YES;
				CLANG_WARN_NON_LITERAL_NULL_CONVERSION = YES;
				CLANG_WARN_OBJC_IMPLICIT_RETAIN_SELF = YES;
				CLANG_WARN_OBJC_LITERAL_CONVERSION = YES;
				CLANG_WARN_OBJC_ROOT_CLASS = YES_ERROR;
				CLANG_WARN_QUOTED_INCLUDE_IN_FRAMEWORK_HEADER = YES;
				CLANG_WARN_RANGE_LOOP_ANALYSIS = YES;
				CLANG_WARN_STRICT_PROTOTYPES = YES;
				CLANG_WARN_SUSPICIOUS_MOVE = YES;
				CLANG_WARN_UNGUARDED_AVAILABILITY = YES_AGGRESSIVE;
				CLANG_WARN_UNREACHABLE_CODE = YES;
				CLANG_WARN__DUPLICATE_METHOD_MATCH = YES;
				COPY_PHASE_STRIP = NO;
				DEBUG_INFORMATION_FORMAT = "dwarf-with-dsym";
				ENABLE_NS_ASSERTIONS = NO;
				ENABLE_STRICT_OBJC_MSGSEND = YES;
				ENABLE_USER_SCRIPT_SANDBOXING = YES;
				GCC_C_LANGUAGE_STANDARD = gnu17;
				GCC_NO_COMMON_BLOCKS = YES;
				GCC_WARN_64_TO_32_BIT_CONVERSION = YES;
				GCC_WARN_ABOUT_RETURN_TYPE = YES_ERROR;
				GCC_WARN_UNDECLARED_SELECTOR = YES;
				GCC_WARN_UNINITIALIZED_AUTOS = YES_AGGRESSIVE;
				GCC_WARN_UNUSED_FUNCTION = YES;
				GCC_WARN_UNUSED_VARIABLE = YES;
				LOCALIZATION_PREFERS_STRING_CATALOGS = YES;
				MTL_ENABLE_DEBUG_INFO = NO;
				MTL_FAST_MATH = YES;
				SWIFT_COMPILATION_MODE = wholemodule;
			};
			name = Release;
		};
		CA3369472C913AFF003752F1 /* Debug */ = {
			isa = XCBuildConfiguration;
			buildSettings = {
				ASSETCATALOG_COMPILER_APPICON_NAME = AppIcon;
				ASSETCATALOG_COMPILER_GLOBAL_ACCENT_COLOR_NAME = AccentColor;
				CODE_SIGN_ENTITLEMENTS = ClosetMate/ClosetMate.entitlements;
				CODE_SIGN_STYLE = Automatic;
				CURRENT_PROJECT_VERSION = 1;
				DEVELOPMENT_ASSET_PATHS = "\"ClosetMate/Preview Content\"";
				DEVELOPMENT_TEAM = DB62R67D27;
				ENABLE_HARDENED_RUNTIME = YES;
				ENABLE_PREVIEWS = YES;
				GENERATE_INFOPLIST_FILE = YES;
				INFOPLIST_KEY_LSApplicationCategoryType = "public.app-category.lifestyle";
				INFOPLIST_KEY_NSCameraUsageDescription = "This App needs access to capture images of your clothes you want to upload";
				"INFOPLIST_KEY_UIApplicationSceneManifest_Generation[sdk=iphoneos*]" = YES;
				"INFOPLIST_KEY_UIApplicationSceneManifest_Generation[sdk=iphonesimulator*]" = YES;
				"INFOPLIST_KEY_UIApplicationSupportsIndirectInputEvents[sdk=iphoneos*]" = YES;
				"INFOPLIST_KEY_UIApplicationSupportsIndirectInputEvents[sdk=iphonesimulator*]" = YES;
				"INFOPLIST_KEY_UILaunchScreen_Generation[sdk=iphoneos*]" = YES;
				"INFOPLIST_KEY_UILaunchScreen_Generation[sdk=iphonesimulator*]" = YES;
				"INFOPLIST_KEY_UIStatusBarStyle[sdk=iphoneos*]" = UIStatusBarStyleDefault;
				"INFOPLIST_KEY_UIStatusBarStyle[sdk=iphonesimulator*]" = UIStatusBarStyleDefault;
				INFOPLIST_KEY_UISupportedInterfaceOrientations = "UIInterfaceOrientationLandscapeRight UIInterfaceOrientationPortrait";
				INFOPLIST_KEY_UISupportedInterfaceOrientations_iPad = "UIInterfaceOrientationLandscapeLeft UIInterfaceOrientationLandscapeRight UIInterfaceOrientationPortrait UIInterfaceOrientationPortraitUpsideDown";
				IPHONEOS_DEPLOYMENT_TARGET = 17.0;
				LD_RUNPATH_SEARCH_PATHS = "@executable_path/Frameworks";
				"LD_RUNPATH_SEARCH_PATHS[sdk=macosx*]" = "@executable_path/../Frameworks";
				MACOSX_DEPLOYMENT_TARGET = 14.2;
				MARKETING_VERSION = 1.0;
				PRODUCT_BUNDLE_IDENTIFIER = com.basgallop.ClosetMateApp;
				PRODUCT_NAME = "$(TARGET_NAME)";
				SDKROOT = auto;
				SUPPORTED_PLATFORMS = "iphoneos iphonesimulator";
				SUPPORTS_MACCATALYST = NO;
				SWIFT_EMIT_LOC_STRINGS = YES;
				SWIFT_VERSION = 5.0;
				TARGETED_DEVICE_FAMILY = 1;
			};
			name = Debug;
		};
		CA3369482C913AFF003752F1 /* Release */ = {
			isa = XCBuildConfiguration;
			buildSettings = {
				ASSETCATALOG_COMPILER_APPICON_NAME = AppIcon;
				ASSETCATALOG_COMPILER_GLOBAL_ACCENT_COLOR_NAME = AccentColor;
				CODE_SIGN_ENTITLEMENTS = ClosetMate/ClosetMate.entitlements;
				CODE_SIGN_STYLE = Automatic;
				CURRENT_PROJECT_VERSION = 1;
				DEVELOPMENT_ASSET_PATHS = "\"ClosetMate/Preview Content\"";
				DEVELOPMENT_TEAM = DB62R67D27;
				ENABLE_HARDENED_RUNTIME = YES;
				ENABLE_PREVIEWS = YES;
				GENERATE_INFOPLIST_FILE = YES;
				INFOPLIST_KEY_LSApplicationCategoryType = "public.app-category.lifestyle";
				INFOPLIST_KEY_NSCameraUsageDescription = "This App needs access to capture images of your clothes you want to upload";
				"INFOPLIST_KEY_UIApplicationSceneManifest_Generation[sdk=iphoneos*]" = YES;
				"INFOPLIST_KEY_UIApplicationSceneManifest_Generation[sdk=iphonesimulator*]" = YES;
				"INFOPLIST_KEY_UIApplicationSupportsIndirectInputEvents[sdk=iphoneos*]" = YES;
				"INFOPLIST_KEY_UIApplicationSupportsIndirectInputEvents[sdk=iphonesimulator*]" = YES;
				"INFOPLIST_KEY_UILaunchScreen_Generation[sdk=iphoneos*]" = YES;
				"INFOPLIST_KEY_UILaunchScreen_Generation[sdk=iphonesimulator*]" = YES;
				"INFOPLIST_KEY_UIStatusBarStyle[sdk=iphoneos*]" = UIStatusBarStyleDefault;
				"INFOPLIST_KEY_UIStatusBarStyle[sdk=iphonesimulator*]" = UIStatusBarStyleDefault;
				INFOPLIST_KEY_UISupportedInterfaceOrientations = "UIInterfaceOrientationLandscapeRight UIInterfaceOrientationPortrait";
				INFOPLIST_KEY_UISupportedInterfaceOrientations_iPad = "UIInterfaceOrientationLandscapeLeft UIInterfaceOrientationLandscapeRight UIInterfaceOrientationPortrait UIInterfaceOrientationPortraitUpsideDown";
				IPHONEOS_DEPLOYMENT_TARGET = 17.0;
				LD_RUNPATH_SEARCH_PATHS = "@executable_path/Frameworks";
				"LD_RUNPATH_SEARCH_PATHS[sdk=macosx*]" = "@executable_path/../Frameworks";
				MACOSX_DEPLOYMENT_TARGET = 14.2;
				MARKETING_VERSION = 1.0;
				PRODUCT_BUNDLE_IDENTIFIER = com.basgallop.ClosetMateApp;
				PRODUCT_NAME = "$(TARGET_NAME)";
				SDKROOT = auto;
				SUPPORTED_PLATFORMS = "iphoneos iphonesimulator";
				SUPPORTS_MACCATALYST = NO;
				SWIFT_EMIT_LOC_STRINGS = YES;
				SWIFT_VERSION = 5.0;
				TARGETED_DEVICE_FAMILY = 1;
			};
			name = Release;
		};
/* End XCBuildConfiguration section */

/* Begin XCConfigurationList section */
		CA1763F82CBD5AA800320ED9 /* Build configuration list for PBXNativeTarget "ClosetMateTesting" */ = {
			isa = XCConfigurationList;
			buildConfigurations = (
				CA1763F62CBD5AA800320ED9 /* Debug */,
				CA1763F72CBD5AA800320ED9 /* Release */,
			);
			defaultConfigurationIsVisible = 0;
			defaultConfigurationName = Release;
		};
		CA3369172C913AFE003752F1 /* Build configuration list for PBXProject "ClosetMate" */ = {
			isa = XCConfigurationList;
			buildConfigurations = (
				CA3369442C913AFF003752F1 /* Debug */,
				CA3369452C913AFF003752F1 /* Release */,
			);
			defaultConfigurationIsVisible = 0;
			defaultConfigurationName = Release;
		};
		CA3369462C913AFF003752F1 /* Build configuration list for PBXNativeTarget "ClosetMate" */ = {
			isa = XCConfigurationList;
			buildConfigurations = (
				CA3369472C913AFF003752F1 /* Debug */,
				CA3369482C913AFF003752F1 /* Release */,
			);
			defaultConfigurationIsVisible = 0;
			defaultConfigurationName = Release;
		};
/* End XCConfigurationList section */
	};
	rootObject = CA3369142C913AFE003752F1 /* Project object */;
}
